
Microsoft Visual Studio Solution File, Format Version 12.00
# Visual Studio 15
VisualStudioVersion = 15.0.27130.2010
MinimumVisualStudioVersion = 10.0.40219.1
Project("{FAE04EC0-301F-11D3-BF4B-00C04F79EFBC}") = "OrderManager", "OrderManager\OrderManager.csproj", "{7503590B-DA0F-46FA-9A14-F8DD2B1F03F2}"
EndProject
Project("{FAE04EC0-301F-11D3-BF4B-00C04F79EFBC}") = "OrderManagerUnitTests", "OrderManagerTests2\OrderManagerUnitTests.csproj", "{0477C184-EE6F-4D0F-BB4C-B99F54E0A3E4}"
EndProject
Global
	GlobalSection(SolutionConfigurationPlatforms) = preSolution
		Debug|Any CPU = Debug|Any CPU
		Release|Any CPU = Release|Any CPU
	EndGlobalSection
	GlobalSection(ProjectConfigurationPlatforms) = postSolution
		{7503590B-DA0F-46FA-9A14-F8DD2B1F03F2}.Debug|Any CPU.ActiveCfg = Debug|Any CPU
		{7503590B-DA0F-46FA-9A14-F8DD2B1F03F2}.Debug|Any CPU.Build.0 = Debug|Any CPU
		{7503590B-DA0F-46FA-9A14-F8DD2B1F03F2}.Release|Any CPU.ActiveCfg = Release|Any CPU
		{7503590B-DA0F-46FA-9A14-F8DD2B1F03F2}.Release|Any CPU.Build.0 = Release|Any CPU
		{0477C184-EE6F-4D0F-BB4C-B99F54E0A3E4}.Debug|Any CPU.ActiveCfg = Debug|Any CPU
		{0477C184-EE6F-4D0F-BB4C-B99F54E0A3E4}.Debug|Any CPU.Build.0 = Debug|Any CPU
		{0477C184-EE6F-4D0F-BB4C-B99F54E0A3E4}.Release|Any CPU.ActiveCfg = Release|Any CPU
		{0477C184-EE6F-4D0F-BB4C-B99F54E0A3E4}.Release|Any CPU.Build.0 = Release|Any CPU
	EndGlobalSection
	GlobalSection(SolutionProperties) = preSolution
		HideSolutionNode = FALSE
	EndGlobalSection
	GlobalSection(ExtensibilityGlobals) = postSolution
		SolutionGuid = {DD64CC7A-3345-4B82-9EB7-078F3F46D53E}
	EndGlobalSection
EndGlobal
